
Microsoft Visual Studio Solution File, Format Version 11.00
# Visual Studio 2010
Project("{FAE04EC0-301F-11D3-BF4B-00C04F79EFBC}") = "Assembly-CSharp", "Assembly-CSharp.csproj", "{3BFA8108-360B-0EE5-071C-329D0A4A0582}"
EndProject
Project("{FAE04EC0-301F-11D3-BF4B-00C04F79EFBC}") = "Assembly-CSharp-Editor", "Assembly-CSharp-Editor.csproj", "{78B1EA97-6DA5-02CB-6DAE-CDBB79E94511}"
EndProject
Global
	GlobalSection(SolutionConfigurationPlatforms) = preSolution
		Debug|Any CPU = Debug|Any CPU
		Release|Any CPU = Release|Any CPU
	EndGlobalSection
	GlobalSection(ProjectConfigurationPlatforms) = postSolution
		{3BFA8108-360B-0EE5-071C-329D0A4A0582}.Debug|Any CPU.ActiveCfg = Debug|Any CPU
		{3BFA8108-360B-0EE5-071C-329D0A4A0582}.Debug|Any CPU.Build.0 = Debug|Any CPU
		{3BFA8108-360B-0EE5-071C-329D0A4A0582}.Release|Any CPU.ActiveCfg = Release|Any CPU
		{3BFA8108-360B-0EE5-071C-329D0A4A0582}.Release|Any CPU.Build.0 = Release|Any CPU
		{78B1EA97-6DA5-02CB-6DAE-CDBB79E94511}.Debug|Any CPU.ActiveCfg = Debug|Any CPU
		{78B1EA97-6DA5-02CB-6DAE-CDBB79E94511}.Debug|Any CPU.Build.0 = Debug|Any CPU
		{78B1EA97-6DA5-02CB-6DAE-CDBB79E94511}.Release|Any CPU.ActiveCfg = Release|Any CPU
		{78B1EA97-6DA5-02CB-6DAE-CDBB79E94511}.Release|Any CPU.Build.0 = Release|Any CPU
	EndGlobalSection
	GlobalSection(SolutionProperties) = preSolution
		HideSolutionNode = FALSE
	EndGlobalSection
EndGlobal
